
Microsoft Visual Studio Solution File, Format Version 12.00
# Visual Studio Version 16
VisualStudioVersion = 16.0.29326.143
MinimumVisualStudioVersion = 10.0.40219.1
Project("{FAE04EC0-301F-11D3-BF4B-00C04F79EFBC}") = "HelloNLog", "HelloNLog\HelloNLog.csproj", "{B455C22E-B5F4-4E8E-8E8C-B2EB799D4777}"
EndProject
Global
	GlobalSection(SolutionConfigurationPlatforms) = preSolution
		Debug|Any CPU = Debug|Any CPU
		Release|Any CPU = Release|Any CPU
	EndGlobalSection
	GlobalSection(ProjectConfigurationPlatforms) = postSolution
		{B455C22E-B5F4-4E8E-8E8C-B2EB799D4777}.Debug|Any CPU.ActiveCfg = Debug|Any CPU
		{B455C22E-B5F4-4E8E-8E8C-B2EB799D4777}.Debug|Any CPU.Build.0 = Debug|Any CPU
		{B455C22E-B5F4-4E8E-8E8C-B2EB799D4777}.Release|Any CPU.ActiveCfg = Release|Any CPU
		{B455C22E-B5F4-4E8E-8E8C-B2EB799D4777}.Release|Any CPU.Build.0 = Release|Any CPU
	EndGlobalSection
	GlobalSection(SolutionProperties) = preSolution
		HideSolutionNode = FALSE
	EndGlobalSection
	GlobalSection(ExtensibilityGlobals) = postSolution
		SolutionGuid = {5D671A48-B5CE-471F-BE87-D5972434CAF7}
	EndGlobalSection
EndGlobal
